
Microsoft Visual Studio Solution File, Format Version 12.00
# Visual Studio Version 17
VisualStudioVersion = 17.0.31903.59
MinimumVisualStudioVersion = 10.0.40219.1
Project("{FAE04EC0-301F-11D3-BF4B-00C04F79EFBC}") = "Websocket.Boilerplate", "src\Websocket.Boilerplate.csproj", "{A2625950-F877-4FE4-9EA6-989EE9D32894}"
EndProject
Project("{FAE04EC0-301F-11D3-BF4B-00C04F79EFBC}") = "test", "test\test.csproj", "{47093945-BC38-40BC-B9C8-CD3331380A7F}"
EndProject
Global
	GlobalSection(SolutionConfigurationPlatforms) = preSolution
		Debug|Any CPU = Debug|Any CPU
		Release|Any CPU = Release|Any CPU
	EndGlobalSection
	GlobalSection(SolutionProperties) = preSolution
		HideSolutionNode = FALSE
	EndGlobalSection
	GlobalSection(ProjectConfigurationPlatforms) = postSolution
		{A2625950-F877-4FE4-9EA6-989EE9D32894}.Debug|Any CPU.ActiveCfg = Debug|Any CPU
		{A2625950-F877-4FE4-9EA6-989EE9D32894}.Debug|Any CPU.Build.0 = Debug|Any CPU
		{A2625950-F877-4FE4-9EA6-989EE9D32894}.Release|Any CPU.ActiveCfg = Release|Any CPU
		{A2625950-F877-4FE4-9EA6-989EE9D32894}.Release|Any CPU.Build.0 = Release|Any CPU
		{47093945-BC38-40BC-B9C8-CD3331380A7F}.Debug|Any CPU.ActiveCfg = Debug|Any CPU
		{47093945-BC38-40BC-B9C8-CD3331380A7F}.Debug|Any CPU.Build.0 = Debug|Any CPU
		{47093945-BC38-40BC-B9C8-CD3331380A7F}.Release|Any CPU.ActiveCfg = Release|Any CPU
		{47093945-BC38-40BC-B9C8-CD3331380A7F}.Release|Any CPU.Build.0 = Release|Any CPU
	EndGlobalSection
EndGlobal
